
Microsoft Visual Studio Solution File, Format Version 12.00
# Visual Studio Version 17
VisualStudioVersion = 17.10.35027.167
MinimumVisualStudioVersion = 10.0.40219.1
Project("{9A19103F-16F7-4668-BE54-9A1E7A4F7556}") = "PhotoShop", "PhotoShopFileType\PhotoShop.csproj", "{A04EEDD9-E164-4941-9846-722ACF2FCCA1}"
EndProject
Project("{9A19103F-16F7-4668-BE54-9A1E7A4F7556}") = "Tests", "Tests\Tests.csproj", "{37844BEF-D221-438D-8380-D44CF50A5A87}"
EndProject
Global
	GlobalSection(SolutionConfigurationPlatforms) = preSolution
		Debug|Any CPU = Debug|Any CPU
		Release|Any CPU = Release|Any CPU
	EndGlobalSection
	GlobalSection(ProjectConfigurationPlatforms) = postSolution
		{37844BEF-D221-438D-8380-D44CF50A5A87}.Debug|Any CPU.ActiveCfg = Debug|Any CPU
		{37844BEF-D221-438D-8380-D44CF50A5A87}.Debug|Any CPU.Build.0 = Debug|Any CPU
		{37844BEF-D221-438D-8380-D44CF50A5A87}.Release|Any CPU.ActiveCfg = Release|Any CPU
		{37844BEF-D221-438D-8380-D44CF50A5A87}.Release|Any CPU.Build.0 = Release|Any CPU
		{A04EEDD9-E164-4941-9846-722ACF2FCCA1}.Debug|Any CPU.ActiveCfg = Debug|Any CPU
		{A04EEDD9-E164-4941-9846-722ACF2FCCA1}.Debug|Any CPU.Build.0 = Debug|Any CPU
		{A04EEDD9-E164-4941-9846-722ACF2FCCA1}.Release|Any CPU.ActiveCfg = Release|Any CPU
		{A04EEDD9-E164-4941-9846-722ACF2FCCA1}.Release|Any CPU.Build.0 = Release|Any CPU
	EndGlobalSection
	GlobalSection(SolutionProperties) = preSolution
		HideSolutionNode = FALSE
	EndGlobalSection
EndGlobal
